
Microsoft Visual Studio Solution File, Format Version 12.00
# Visual Studio Version 16
VisualStudioVersion = 16.0.29326.143
MinimumVisualStudioVersion = 10.0.40219.1
Project("{FAE04EC0-301F-11D3-BF4B-00C04F79EFBC}") = "MiniDDoS", "MiniDDoS.csproj", "{7C0B1320-E59A-4357-8349-A9007B14CB11}"
EndProject
Global
	GlobalSection(SolutionConfigurationPlatforms) = preSolution
		Debug|Any CPU = Debug|Any CPU
		Release|Any CPU = Release|Any CPU
	EndGlobalSection
	GlobalSection(ProjectConfigurationPlatforms) = postSolution
		{7C0B1320-E59A-4357-8349-A9007B14CB11}.Debug|Any CPU.ActiveCfg = Debug|Any CPU
		{7C0B1320-E59A-4357-8349-A9007B14CB11}.Debug|Any CPU.Build.0 = Debug|Any CPU
		{7C0B1320-E59A-4357-8349-A9007B14CB11}.Release|Any CPU.ActiveCfg = Release|Any CPU
		{7C0B1320-E59A-4357-8349-A9007B14CB11}.Release|Any CPU.Build.0 = Release|Any CPU
	EndGlobalSection
	GlobalSection(SolutionProperties) = preSolution
		HideSolutionNode = FALSE
	EndGlobalSection
	GlobalSection(ExtensibilityGlobals) = postSolution
		SolutionGuid = {C9008494-49FB-483E-B388-6EDDF8DEEFF8}
	EndGlobalSection
EndGlobal
